
Microsoft Visual Studio Solution File, Format Version 12.00
# Visual Studio Version 17
VisualStudioVersion = 17.5.33530.505
MinimumVisualStudioVersion = 10.0.40219.1
Project("{FAE04EC0-301F-11D3-BF4B-00C04F79EFBC}") = "Super", "Super\Super.csproj", "{7BD5E4FA-A04F-4EA4-B936-50699DEB70E3}"
EndProject
Global
	GlobalSection(SolutionConfigurationPlatforms) = preSolution
		Debug|Any CPU = Debug|Any CPU
		Release|Any CPU = Release|Any CPU
	EndGlobalSection
	GlobalSection(ProjectConfigurationPlatforms) = postSolution
		{7BD5E4FA-A04F-4EA4-B936-50699DEB70E3}.Debug|Any CPU.ActiveCfg = Debug|Any CPU
		{7BD5E4FA-A04F-4EA4-B936-50699DEB70E3}.Debug|Any CPU.Build.0 = Debug|Any CPU
		{7BD5E4FA-A04F-4EA4-B936-50699DEB70E3}.Release|Any CPU.ActiveCfg = Release|Any CPU
		{7BD5E4FA-A04F-4EA4-B936-50699DEB70E3}.Release|Any CPU.Build.0 = Release|Any CPU
	EndGlobalSection
	GlobalSection(SolutionProperties) = preSolution
		HideSolutionNode = FALSE
	EndGlobalSection
	GlobalSection(ExtensibilityGlobals) = postSolution
		SolutionGuid = {34E39A03-C872-47C4-A856-50F8C7388F9F}
	EndGlobalSection
EndGlobal
